PODS:
  - Alamofire (4.0.1)
  - SwiftyJSON (3.0.0)

DEPENDENCIES:
  - Alamofire (~> 4.0.0)
  - SwiftyJSON (= 3.0.0)

SPEC CHECKSUMS:
  Alamofire: 7682d43245de14874acd142ec137b144aa1dd335
  SwiftyJSON: f57b2b44bc166617372d1c70773591fe9f0f5fd4

PODFILE CHECKSUM: b3609a3800b0231517a3439e223948e07726f42d

COCOAPODS: 1.2.1
